
Microsoft Visual Studio Solution File, Format Version 12.00
# Visual Studio Version 17
VisualStudioVersion = 17.3.32922.545
MinimumVisualStudioVersion = 10.0.40219.1
Project("{FAE04EC0-301F-11D3-BF4B-00C04F79EFBC}") = "Crews.Web.Cipher.Tests", "Crews.Web.Cipher.Tests\Crews.Web.Cipher.Tests.csproj", "{482E8326-00BA-4F42-AF34-25C2ADFAD8EE}"
EndProject
Global
	GlobalSection(SolutionConfigurationPlatforms) = preSolution
		Debug|Any CPU = Debug|Any CPU
		Release|Any CPU = Release|Any CPU
	EndGlobalSection
	GlobalSection(ProjectConfigurationPlatforms) = postSolution
		{482E8326-00BA-4F42-AF34-25C2ADFAD8EE}.Debug|Any CPU.ActiveCfg = Debug|Any CPU
		{482E8326-00BA-4F42-AF34-25C2ADFAD8EE}.Debug|Any CPU.Build.0 = Debug|Any CPU
		{482E8326-00BA-4F42-AF34-25C2ADFAD8EE}.Release|Any CPU.ActiveCfg = Release|Any CPU
		{482E8326-00BA-4F42-AF34-25C2ADFAD8EE}.Release|Any CPU.Build.0 = Release|Any CPU
	EndGlobalSection
	GlobalSection(SolutionProperties) = preSolution
		HideSolutionNode = FALSE
	EndGlobalSection
	GlobalSection(ExtensibilityGlobals) = postSolution
		SolutionGuid = {C09DBDFD-1E92-4C2A-9417-920F3CA8B784}
	EndGlobalSection
EndGlobal
