
Microsoft Visual Studio Solution File, Format Version 12.00
# Visual Studio Version 17
VisualStudioVersion = 17.3.32922.545
MinimumVisualStudioVersion = 10.0.40219.1
Project("{9A19103F-16F7-4668-BE54-9A1E7A4F7556}") = "Crews.Web.Cipher", "Crews.Web.Cipher\Crews.Web.Cipher.csproj", "{5D7BA457-517D-46A1-8EA8-D5247152DD04}"
EndProject
Project("{2150E333-8FDC-42A3-9474-1A3956D46DE8}") = "Solution Items", "Solution Items", "{01FE6004-54F5-4D76-A781-D930994206CE}"
	ProjectSection(SolutionItems) = preProject
		.editorconfig = .editorconfig
	EndProjectSection
EndProject
Global
	GlobalSection(SolutionConfigurationPlatforms) = preSolution
		Debug|Any CPU = Debug|Any CPU
		Release|Any CPU = Release|Any CPU
	EndGlobalSection
	GlobalSection(ProjectConfigurationPlatforms) = postSolution
		{5D7BA457-517D-46A1-8EA8-D5247152DD04}.Debug|Any CPU.ActiveCfg = Debug|Any CPU
		{5D7BA457-517D-46A1-8EA8-D5247152DD04}.Debug|Any CPU.Build.0 = Debug|Any CPU
		{5D7BA457-517D-46A1-8EA8-D5247152DD04}.Release|Any CPU.ActiveCfg = Release|Any CPU
		{5D7BA457-517D-46A1-8EA8-D5247152DD04}.Release|Any CPU.Build.0 = Release|Any CPU
	EndGlobalSection
	GlobalSection(SolutionProperties) = preSolution
		HideSolutionNode = FALSE
	EndGlobalSection
	GlobalSection(ExtensibilityGlobals) = postSolution
		SolutionGuid = {3D5A8B39-CE78-447E-A0E5-6E22BE96BDEC}
	EndGlobalSection
EndGlobal
